
Microsoft Visual Studio Solution File, Format Version 12.00
# Visual Studio Version 17
VisualStudioVersion = 17.8.34511.84
MinimumVisualStudioVersion = 10.0.40219.1
Project("{FAE04EC0-301F-11D3-BF4B-00C04F79EFBC}") = "Task_01", "Task_01\Task_01.csproj", "{8B539BB1-DA9B-4AA2-B26A-83A826295A05}"
EndProject
Project("{FAE04EC0-301F-11D3-BF4B-00C04F79EFBC}") = "Task_02_Option_17", "Task_02_Option_17\Task_02_Option_17.csproj", "{9F413EE3-786C-4503-89C5-9C5A58369351}"
EndProject
Global
	GlobalSection(SolutionConfigurationPlatforms) = preSolution
		Debug|Any CPU = Debug|Any CPU
		Release|Any CPU = Release|Any CPU
	EndGlobalSection
	GlobalSection(ProjectConfigurationPlatforms) = postSolution
		{8B539BB1-DA9B-4AA2-B26A-83A826295A05}.Debug|Any CPU.ActiveCfg = Debug|Any CPU
		{8B539BB1-DA9B-4AA2-B26A-83A826295A05}.Debug|Any CPU.Build.0 = Debug|Any CPU
		{8B539BB1-DA9B-4AA2-B26A-83A826295A05}.Release|Any CPU.ActiveCfg = Release|Any CPU
		{8B539BB1-DA9B-4AA2-B26A-83A826295A05}.Release|Any CPU.Build.0 = Release|Any CPU
		{9F413EE3-786C-4503-89C5-9C5A58369351}.Debug|Any CPU.ActiveCfg = Debug|Any CPU
		{9F413EE3-786C-4503-89C5-9C5A58369351}.Debug|Any CPU.Build.0 = Debug|Any CPU
		{9F413EE3-786C-4503-89C5-9C5A58369351}.Release|Any CPU.ActiveCfg = Release|Any CPU
		{9F413EE3-786C-4503-89C5-9C5A58369351}.Release|Any CPU.Build.0 = Release|Any CPU
	EndGlobalSection
	GlobalSection(SolutionProperties) = preSolution
		HideSolutionNode = FALSE
	EndGlobalSection
	GlobalSection(ExtensibilityGlobals) = postSolution
		SolutionGuid = {79EDE3C0-C5F1-4676-B39E-5C08EC079C42}
	EndGlobalSection
EndGlobal
