
Microsoft Visual Studio Solution File, Format Version 12.00
# Visual Studio Version 17
VisualStudioVersion = 17.8.34316.72
MinimumVisualStudioVersion = 10.0.40219.1
Project("{FAE04EC0-301F-11D3-BF4B-00C04F79EFBC}") = "Task_01", "Task_01\Task_01.csproj", "{AB9F06AE-833E-438C-8B50-7FC5DC25C988}"
EndProject
Global
	GlobalSection(SolutionConfigurationPlatforms) = preSolution
		Debug|Any CPU = Debug|Any CPU
		Release|Any CPU = Release|Any CPU
	EndGlobalSection
	GlobalSection(ProjectConfigurationPlatforms) = postSolution
		{AB9F06AE-833E-438C-8B50-7FC5DC25C988}.Debug|Any CPU.ActiveCfg = Debug|Any CPU
		{AB9F06AE-833E-438C-8B50-7FC5DC25C988}.Debug|Any CPU.Build.0 = Debug|Any CPU
		{AB9F06AE-833E-438C-8B50-7FC5DC25C988}.Release|Any CPU.ActiveCfg = Release|Any CPU
		{AB9F06AE-833E-438C-8B50-7FC5DC25C988}.Release|Any CPU.Build.0 = Release|Any CPU
	EndGlobalSection
	GlobalSection(SolutionProperties) = preSolution
		HideSolutionNode = FALSE
	EndGlobalSection
	GlobalSection(ExtensibilityGlobals) = postSolution
		SolutionGuid = {886F1921-572D-4E54-A7D9-2302C9A54DB8}
	EndGlobalSection
EndGlobal
